
Microsoft Visual Studio Solution File, Format Version 12.00
# Visual Studio Version 17
VisualStudioVersion = 17.0.31903.59
MinimumVisualStudioVersion = 10.0.40219.1
Project("{9A19103F-16F7-4668-BE54-9A1E7A4F7556}") = "CashTrack", "CashTrack.csproj", "{EDDB640F-CBFB-4F72-88B4-C78E42E59366}"
EndProject
Global
	GlobalSection(SolutionConfigurationPlatforms) = preSolution
		Debug|Any CPU = Debug|Any CPU
		Release|Any CPU = Release|Any CPU
	EndGlobalSection
	GlobalSection(ProjectConfigurationPlatforms) = postSolution
		{EDDB640F-CBFB-4F72-88B4-C78E42E59366}.Debug|Any CPU.ActiveCfg = Debug|Any CPU
		{EDDB640F-CBFB-4F72-88B4-C78E42E59366}.Debug|Any CPU.Build.0 = Debug|Any CPU
		{EDDB640F-CBFB-4F72-88B4-C78E42E59366}.Release|Any CPU.ActiveCfg = Release|Any CPU
		{EDDB640F-CBFB-4F72-88B4-C78E42E59366}.Release|Any CPU.Build.0 = Release|Any CPU
	EndGlobalSection
	GlobalSection(SolutionProperties) = preSolution
		HideSolutionNode = FALSE
	EndGlobalSection
	GlobalSection(ExtensibilityGlobals) = postSolution
		SolutionGuid = {F33F6F1E-C462-40E0-83CF-70AC822E6A8E}
	EndGlobalSection
EndGlobal
